PODS:
  - Bolts/Tasks (1.6.0)
  - Crashlytics (3.6.0):
    - Fabric (~> 1.6.3)
  - Fabric (1.6.3)
  - iRate (1.11.4)
  - Parse (1.12.0):
    - Bolts/Tasks (~> 1.5)

DEPENDENCIES:
  - Crashlytics
  - Fabric
  - iRate
  - Parse

SPEC CHECKSUMS:
  Bolts: f52a250053bb517ca874523c3913776359ab3def
  Crashlytics: e4e8d02914f2608fbc7bf42b1a7af838b0db67a2
  Fabric: cbe0ca6c9531bba17910052f6f105fcbc5fa7f67
  iRate: 599ed07c854e0695f3c605d1b2a64c67d912acb7
  Parse: de2c52a9a1421b91ae7594ab8ce191afd184f19b

COCOAPODS: 0.39.0
